# This file was autogenerated by Stack.
# You should not edit this file by hand.
# For more information, please see the documentation at:
#   https://docs.haskellstack.org/en/stable/lock_files

packages:
- completed:
    hackage: crypt-sha512-0@sha256:a4811afdeb36c272d6c3d1ee0d4ddd9c6e8c17c6d150abbc6191c397788e22a2,1941
    pantry-tree:
      size: 400
      sha256: 2abf2e39fb365c66db382ca1ce17c7fd03aea92775ef62a67a25274bc17fe199
  original:
    hackage: crypt-sha512-0@sha256:a4811afdeb36c272d6c3d1ee0d4ddd9c6e8c17c6d150abbc6191c397788e22a2,1941
snapshots:
- completed:
    size: 586286
    url: https://raw.githubusercontent.com/commercialhaskell/stackage-snapshots/master/lts/18/16.yaml
    sha256: cdead65fca0323144b346c94286186f4969bf85594d649c49c7557295675d8a5
  original:
    url: https://raw.githubusercontent.com/commercialhaskell/stackage-snapshots/master/lts/18/16.yaml
